
Microsoft Visual Studio Solution File, Format Version 12.00
# Visual Studio Version 16
VisualStudioVersion = 16.0.32002.261
MinimumVisualStudioVersion = 10.0.40219.1
Project("{FAE04EC0-301F-11D3-BF4B-00C04F79EFBC}") = "AS2122_3G_INF_EdoardoPieri_GestionePizzeria", "AS2122_3G_INF_EdoardoPieri_GestionePizzeria.csproj", "{D7515867-E333-411D-AF41-43E2F2A13EA8}"
EndProject
Global
	GlobalSection(SolutionConfigurationPlatforms) = preSolution
		Debug|Any CPU = Debug|Any CPU
		Release|Any CPU = Release|Any CPU
	EndGlobalSection
	GlobalSection(ProjectConfigurationPlatforms) = postSolution
		{D7515867-E333-411D-AF41-43E2F2A13EA8}.Debug|Any CPU.ActiveCfg = Debug|Any CPU
		{D7515867-E333-411D-AF41-43E2F2A13EA8}.Debug|Any CPU.Build.0 = Debug|Any CPU
		{D7515867-E333-411D-AF41-43E2F2A13EA8}.Release|Any CPU.ActiveCfg = Release|Any CPU
		{D7515867-E333-411D-AF41-43E2F2A13EA8}.Release|Any CPU.Build.0 = Release|Any CPU
	EndGlobalSection
	GlobalSection(SolutionProperties) = preSolution
		HideSolutionNode = FALSE
	EndGlobalSection
	GlobalSection(ExtensibilityGlobals) = postSolution
		SolutionGuid = {9241480E-9BEC-47FB-889F-A964F2DC893C}
	EndGlobalSection
EndGlobal
